
Microsoft Visual Studio Solution File, Format Version 12.00
# Visual Studio Version 17
VisualStudioVersion = 17.2.32516.85
MinimumVisualStudioVersion = 10.0.40219.1
Project("{FAE04EC0-301F-11D3-BF4B-00C04F79EFBC}") = "QuantumWorldAppUI", "QuantumWorldAppUI\QuantumWorldAppUI.csproj", "{FC9FF314-17F9-4209-AFE3-CD205F85A8E0}"
EndProject
Project("{FAE04EC0-301F-11D3-BF4B-00C04F79EFBC}") = "QuantumWorldAppLibrary", "QuantumWorldAppLibrary\QuantumWorldAppLibrary.csproj", "{CF585D31-71B0-4248-B717-F54A2DA86794}"
EndProject
Project("{2150E333-8FDC-42A3-9474-1A3956D46DE8}") = "Elementy rozwiązania", "Elementy rozwiązania", "{80C269CC-AF65-4534-A28D-2888C0EFDAF1}"
EndProject
Project("{2150E333-8FDC-42A3-9474-1A3956D46DE8}") = "Solution Items", "Solution Items", "{B8BA1F7F-19F3-48C4-94E5-A2FA0A2A61D3}"
	ProjectSection(SolutionItems) = preProject
		.editorconfig = .editorconfig
	EndProjectSection
EndProject
Global
	GlobalSection(SolutionConfigurationPlatforms) = preSolution
		Debug|Any CPU = Debug|Any CPU
		Release|Any CPU = Release|Any CPU
	EndGlobalSection
	GlobalSection(ProjectConfigurationPlatforms) = postSolution
		{FC9FF314-17F9-4209-AFE3-CD205F85A8E0}.Debug|Any CPU.ActiveCfg = Debug|Any CPU
		{FC9FF314-17F9-4209-AFE3-CD205F85A8E0}.Debug|Any CPU.Build.0 = Debug|Any CPU
		{FC9FF314-17F9-4209-AFE3-CD205F85A8E0}.Release|Any CPU.ActiveCfg = Release|Any CPU
		{FC9FF314-17F9-4209-AFE3-CD205F85A8E0}.Release|Any CPU.Build.0 = Release|Any CPU
		{CF585D31-71B0-4248-B717-F54A2DA86794}.Debug|Any CPU.ActiveCfg = Debug|Any CPU
		{CF585D31-71B0-4248-B717-F54A2DA86794}.Debug|Any CPU.Build.0 = Debug|Any CPU
		{CF585D31-71B0-4248-B717-F54A2DA86794}.Release|Any CPU.ActiveCfg = Release|Any CPU
		{CF585D31-71B0-4248-B717-F54A2DA86794}.Release|Any CPU.Build.0 = Release|Any CPU
	EndGlobalSection
	GlobalSection(SolutionProperties) = preSolution
		HideSolutionNode = FALSE
	EndGlobalSection
	GlobalSection(ExtensibilityGlobals) = postSolution
		SolutionGuid = {A933B9D6-E26D-42C2-A5CE-07B2E82C9052}
	EndGlobalSection
EndGlobal
